// !$*UTF8*$!
{
	archiveVersion = 1;
	classes = {
	};
	objectVersion = 50;
	objects = {

/* Begin PBXBuildFile section */
		8E329C4C234224F3007066C3 /* main.cpp in Sources */ = {isa = PBXBuildFile; fileRef = 8E329C4B234224F3007066C3 /* main.cpp */; };
		8E9DE68623571A2C00BE6D5E /* OpenGL.framework in Frameworks */ = {isa = PBXBuildFile; fileRef = 8E9DE68523571A2C00BE6D5E /* OpenGL.framework */; };
		8E9DE68823571A3A00BE6D5E /* libglfw.3.3.dylib in Frameworks */ = {isa = PBXBuildFile; fileRef = 8E9DE68723571A3A00BE6D5E /* libglfw.3.3.dylib */; };
		8E9DE68A23571A4800BE6D5E /* libGLEW.2.1.0.dylib in Frameworks */ = {isa = PBXBuildFile; fileRef = 8E9DE68923571A4800BE6D5E /* libGLEW.2.1.0.dylib */; };
		8EC7461B23527F1400CA1CE3 /* society.cpp in Sources */ = {isa = PBXBuildFile; fileRef = 8EC7461A23527F1400CA1CE3 /* society.cpp */; };
/* End PBXBuildFile section */

/* Begin PBXCopyFilesBuildPhase section */
		8E329C46234224F3007066C3 /* CopyFiles */ = {
			isa = PBXCopyFilesBuildPhase;
			buildActionMask = 2147483647;
			dstPath = /usr/share/man/man1/;
			dstSubfolderSpec = 0;
			files = (
			);
			runOnlyForDeploymentPostprocessing = 1;
		};
/* End PBXCopyFilesBuildPhase section */

/* Begin PBXFileReference section */
		8E329C48234224F3007066C3 /* Society */ = {isa = PBXFileReference; explicitFileType = "compiled.mach-o.executable"; includeInIndex = 0; path = Society; sourceTree = BUILT_PRODUCTS_DIR; };
		8E329C4B234224F3007066C3 /* main.cpp */ = {isa = PBXFileReference; lastKnownFileType = sourcecode.cpp.cpp; path = main.cpp; sourceTree = "<group>"; };
		8E9DE68223570E4600BE6D5E /* characters */ = {isa = PBXFileReference; lastKnownFileType = text; path = characters; sourceTree = "<group>"; };
		8E9DE68323571A0400BE6D5E /* utils.h */ = {isa = PBXFileReference; lastKnownFileType = sourcecode.c.h; path = utils.h; sourceTree = "<group>"; };
		8E9DE68523571A2C00BE6D5E /* OpenGL.framework */ = {isa = PBXFileReference; lastKnownFileType = wrapper.framework; name = OpenGL.framework; path = System/Library/Frameworks/OpenGL.framework; sourceTree = SDKROOT; };
		8E9DE68723571A3A00BE6D5E /* libglfw.3.3.dylib */ = {isa = PBXFileReference; lastKnownFileType = "compiled.mach-o.dylib"; name = libglfw.3.3.dylib; path = ../../../../../usr/local/Cellar/glfw/3.3/lib/libglfw.3.3.dylib; sourceTree = "<group>"; };
		8E9DE68923571A4800BE6D5E /* libGLEW.2.1.0.dylib */ = {isa = PBXFileReference; lastKnownFileType = "compiled.mach-o.dylib"; name = libGLEW.2.1.0.dylib; path = ../../../../../usr/local/Cellar/glew/2.1.0/lib/libGLEW.2.1.0.dylib; sourceTree = "<group>"; };
		8E9DE68B2357238500BE6D5E /* shape.vs */ = {isa = PBXFileReference; lastKnownFileType = sourcecode.glsl; path = shape.vs; sourceTree = "<group>"; };
		8E9DE68C2357239900BE6D5E /* common.glsl */ = {isa = PBXFileReference; lastKnownFileType = text; path = common.glsl; sourceTree = "<group>"; };
		8E9DE68D235723C100BE6D5E /* text.vs */ = {isa = PBXFileReference; lastKnownFileType = sourcecode.glsl; path = text.vs; sourceTree = "<group>"; };
		8E9DE68E2357242200BE6D5E /* text.fs */ = {isa = PBXFileReference; lastKnownFileType = sourcecode.glsl; path = text.fs; sourceTree = "<group>"; };
		8E9DE68F2357242900BE6D5E /* fill.fs */ = {isa = PBXFileReference; lastKnownFileType = sourcecode.glsl; path = fill.fs; sourceTree = "<group>"; };
		8EC74618235141CF00CA1CE3 /* common.h */ = {isa = PBXFileReference; lastKnownFileType = sourcecode.c.h; path = common.h; sourceTree = "<group>"; };
		8EC746192351420B00CA1CE3 /* society.h */ = {isa = PBXFileReference; lastKnownFileType = sourcecode.c.h; path = society.h; sourceTree = "<group>"; };
		8EC7461A23527F1400CA1CE3 /* society.cpp */ = {isa = PBXFileReference; lastKnownFileType = sourcecode.cpp.cpp; path = society.cpp; sourceTree = "<group>"; };
		8EC7463723546F0200CA1CE3 /* creature.h */ = {isa = PBXFileReference; lastKnownFileType = sourcecode.c.h; path = creature.h; sourceTree = "<group>"; };
		8EC746382354702500CA1CE3 /* proxy.h */ = {isa = PBXFileReference; lastKnownFileType = sourcecode.c.h; path = proxy.h; sourceTree = "<group>"; };
/* End PBXFileReference section */

/* Begin PBXFrameworksBuildPhase section */
		8E329C45234224F3007066C3 /* Frameworks */ = {
			isa = PBXFrameworksBuildPhase;
			buildActionMask = 2147483647;
			files = (
				8E9DE68A23571A4800BE6D5E /* libGLEW.2.1.0.dylib in Frameworks */,
				8E9DE68823571A3A00BE6D5E /* libglfw.3.3.dylib in Frameworks */,
				8E9DE68623571A2C00BE6D5E /* OpenGL.framework in Frameworks */,
			);
			runOnlyForDeploymentPostprocessing = 0;
		};
/* End PBXFrameworksBuildPhase section */

/* Begin PBXGroup section */
		8E329C3F234224F3007066C3 = {
			isa = PBXGroup;
			children = (
				8E329C4A234224F3007066C3 /* Society */,
				8E329C49234224F3007066C3 /* Products */,
				8E9DE68423571A2C00BE6D5E /* Frameworks */,
			);
			sourceTree = "<group>";
		};
		8E329C49234224F3007066C3 /* Products */ = {
			isa = PBXGroup;
			children = (
				8E329C48234224F3007066C3 /* Society */,
			);
			name = Products;
			sourceTree = "<group>";
		};
		8E329C4A234224F3007066C3 /* Society */ = {
			isa = PBXGroup;
			children = (
				8E329C4B234224F3007066C3 /* main.cpp */,
				8EC7461A23527F1400CA1CE3 /* society.cpp */,
				8E9DE68323571A0400BE6D5E /* utils.h */,
				8EC746192351420B00CA1CE3 /* society.h */,
				8EC7463723546F0200CA1CE3 /* creature.h */,
				8EC746382354702500CA1CE3 /* proxy.h */,
				8E9DE6812355C94500BE6D5E /* items */,
				8EC74618235141CF00CA1CE3 /* common.h */,
				8E9DE68223570E4600BE6D5E /* characters */,
				8E9DE68B2357238500BE6D5E /* shape.vs */,
				8E9DE68D235723C100BE6D5E /* text.vs */,
				8E9DE68E2357242200BE6D5E /* text.fs */,
				8E9DE68F2357242900BE6D5E /* fill.fs */,
				8E9DE68C2357239900BE6D5E /* common.glsl */,
			);
			path = Society;
			sourceTree = "<group>";
		};
		8E9DE6812355C94500BE6D5E /* items */ = {
			isa = PBXGroup;
			children = (
			);
			path = items;
			sourceTree = "<group>";
		};
		8E9DE68423571A2C00BE6D5E /* Frameworks */ = {
			isa = PBXGroup;
			children = (
				8E9DE68923571A4800BE6D5E /* libGLEW.2.1.0.dylib */,
				8E9DE68723571A3A00BE6D5E /* libglfw.3.3.dylib */,
				8E9DE68523571A2C00BE6D5E /* OpenGL.framework */,
			);
			name = Frameworks;
			sourceTree = "<group>";
		};
/* End PBXGroup section */

/* Begin PBXNativeTarget section */
		8E329C47234224F3007066C3 /* Society */ = {
			isa = PBXNativeTarget;
			buildConfigurationList = 8E329C4F234224F3007066C3 /* Build configuration list for PBXNativeTarget "Society" */;
			buildPhases = (
				8E329C44234224F3007066C3 /* Sources */,
				8E329C45234224F3007066C3 /* Frameworks */,
				8E329C46234224F3007066C3 /* CopyFiles */,
			);
			buildRules = (
			);
			dependencies = (
			);
			name = Society;
			productName = Society;
			productReference = 8E329C48234224F3007066C3 /* Society */;
			productType = "com.apple.product-type.tool";
		};
/* End PBXNativeTarget section */

/* Begin PBXProject section */
		8E329C40234224F3007066C3 /* Project object */ = {
			isa = PBXProject;
			attributes = {
				LastUpgradeCheck = 1000;
				ORGANIZATIONNAME = "Arthur Sun";
				TargetAttributes = {
					8E329C47234224F3007066C3 = {
						CreatedOnToolsVersion = 10.0;
					};
				};
			};
			buildConfigurationList = 8E329C43234224F3007066C3 /* Build configuration list for PBXProject "Society" */;
			compatibilityVersion = "Xcode 9.3";
			developmentRegion = en;
			hasScannedForEncodings = 0;
			knownRegions = (
				en,
			);
			mainGroup = 8E329C3F234224F3007066C3;
			productRefGroup = 8E329C49234224F3007066C3 /* Products */;
			projectDirPath = "";
			projectRoot = "";
			targets = (
				8E329C47234224F3007066C3 /* Society */,
			);
		};
/* End PBXProject section */

/* Begin PBXSourcesBuildPhase section */
		8E329C44234224F3007066C3 /* Sources */ = {
			isa = PBXSourcesBuildPhase;
			buildActionMask = 2147483647;
			files = (
				8EC7461B23527F1400CA1CE3 /* society.cpp in Sources */,
				8E329C4C234224F3007066C3 /* main.cpp in Sources */,
			);
			runOnlyForDeploymentPostprocessing = 0;
		};
/* End PBXSourcesBuildPhase section */

/* Begin XCBuildConfiguration section */
		8E329C4D234224F3007066C3 /* Debug */ = {
			isa = XCBuildConfiguration;
			buildSettings = {
				ALWAYS_SEARCH_USER_PATHS = NO;
				CLANG_ANALYZER_NONNULL = YES;
				CLANG_ANALYZER_NUMBER_OBJECT_CONVERSION = YES_AGGRESSIVE;
				CLANG_CXX_LANGUAGE_STANDARD = "gnu++14";
				CLANG_CXX_LIBRARY = "libc++";
				CLANG_ENABLE_MODULES = YES;
				CLANG_ENABLE_OBJC_ARC = YES;
				CLANG_ENABLE_OBJC_WEAK = YES;
				CLANG_WARN_BLOCK_CAPTURE_AUTORELEASING = YES;
				CLANG_WARN_BOOL_CONVERSION = YES;
				CLANG_WARN_COMMA = YES;
				CLANG_WARN_CONSTANT_CONVERSION = YES;
				CLANG_WARN_DEPRECATED_OBJC_IMPLEMENTATIONS = YES;
				CLANG_WARN_DIRECT_OBJC_ISA_USAGE = YES_ERROR;
				CLANG_WARN_DOCUMENTATION_COMMENTS = YES;
				CLANG_WARN_EMPTY_BODY = YES;
				CLANG_WARN_ENUM_CONVERSION = YES;
				CLANG_WARN_INFINITE_RECURSION = YES;
				CLANG_WARN_INT_CONVERSION = YES;
				CLANG_WARN_NON_LITERAL_NULL_CONVERSION = YES;
				CLANG_WARN_OBJC_IMPLICIT_RETAIN_SELF = YES;
				CLANG_WARN_OBJC_LITERAL_CONVERSION = YES;
				CLANG_WARN_OBJC_ROOT_CLASS = YES_ERROR;
				CLANG_WARN_RANGE_LOOP_ANALYSIS = YES;
				CLANG_WARN_STRICT_PROTOTYPES = YES;
				CLANG_WARN_SUSPICIOUS_MOVE = YES;
				CLANG_WARN_UNGUARDED_AVAILABILITY = YES_AGGRESSIVE;
				CLANG_WARN_UNREACHABLE_CODE = YES;
				CLANG_WARN__DUPLICATE_METHOD_MATCH = YES;
				CODE_SIGN_IDENTITY = "Mac Developer";
				COPY_PHASE_STRIP = NO;
				DEBUG_INFORMATION_FORMAT = dwarf;
				ENABLE_STRICT_OBJC_MSGSEND = YES;
				ENABLE_TESTABILITY = YES;
				GCC_C_LANGUAGE_STANDARD = gnu11;
				GCC_DYNAMIC_NO_PIC = NO;
				GCC_NO_COMMON_BLOCKS = YES;
				GCC_OPTIMIZATION_LEVEL = 0;
				GCC_PREPROCESSOR_DEFINITIONS = (
					"DEBUG=1",
					"$(inherited)",
				);
				GCC_WARN_64_TO_32_BIT_CONVERSION = YES;
				GCC_WARN_ABOUT_RETURN_TYPE = YES_ERROR;
				GCC_WARN_UNDECLARED_SELECTOR = YES;
				GCC_WARN_UNINITIALIZED_AUTOS = YES_AGGRESSIVE;
				GCC_WARN_UNUSED_FUNCTION = YES;
				GCC_WARN_UNUSED_VARIABLE = YES;
				MACOSX_DEPLOYMENT_TARGET = 10.15;
				MTL_ENABLE_DEBUG_INFO = INCLUDE_SOURCE;
				ONLY_ACTIVE_ARCH = YES;
				SDKROOT = macosx;
			};
			name = Debug;
		};
		8E329C4E234224F3007066C3 /* Release */ = {
			isa = XCBuildConfiguration;
			buildSettings = {
				ALWAYS_SEARCH_USER_PATHS = NO;
				CLANG_ANALYZER_NONNULL = YES;
				CLANG_ANALYZER_NUMBER_OBJECT_CONVERSION = YES_AGGRESSIVE;
				CLANG_CXX_LANGUAGE_STANDARD = "gnu++14";
				CLANG_CXX_LIBRARY = "libc++";
				CLANG_ENABLE_MODULES = YES;
				CLANG_ENABLE_OBJC_ARC = YES;
				CLANG_ENABLE_OBJC_WEAK = YES;
				CLANG_WARN_BLOCK_CAPTURE_AUTORELEASING = YES;
				CLANG_WARN_BOOL_CONVERSION = YES;
				CLANG_WARN_COMMA = YES;
				CLANG_WARN_CONSTANT_CONVERSION = YES;
				CLANG_WARN_DEPRECATED_OBJC_IMPLEMENTATIONS = YES;
				CLANG_WARN_DIRECT_OBJC_ISA_USAGE = YES_ERROR;
				CLANG_WARN_DOCUMENTATION_COMMENTS = YES;
				CLANG_WARN_EMPTY_BODY = YES;
				CLANG_WARN_ENUM_CONVERSION = YES;
				CLANG_WARN_INFINITE_RECURSION = YES;
				CLANG_WARN_INT_CONVERSION = YES;
				CLANG_WARN_NON_LITERAL_NULL_CONVERSION = YES;
				CLANG_WARN_OBJC_IMPLICIT_RETAIN_SELF = YES;
				CLANG_WARN_OBJC_LITERAL_CONVERSION = YES;
				CLANG_WARN_OBJC_ROOT_CLASS = YES_ERROR;
				CLANG_WARN_RANGE_LOOP_ANALYSIS = YES;
				CLANG_WARN_STRICT_PROTOTYPES = YES;
				CLANG_WARN_SUSPICIOUS_MOVE = YES;
				CLANG_WARN_UNGUARDED_AVAILABILITY = YES_AGGRESSIVE;
				CLANG_WARN_UNREACHABLE_CODE = YES;
				CLANG_WARN__DUPLICATE_METHOD_MATCH = YES;
				CODE_SIGN_IDENTITY = "Mac Developer";
				COPY_PHASE_STRIP = NO;
				DEBUG_INFORMATION_FORMAT = "dwarf-with-dsym";
				ENABLE_NS_ASSERTIONS = NO;
				ENABLE_STRICT_OBJC_MSGSEND = YES;
				GCC_C_LANGUAGE_STANDARD = gnu11;
				GCC_NO_COMMON_BLOCKS = YES;
				GCC_WARN_64_TO_32_BIT_CONVERSION = YES;
				GCC_WARN_ABOUT_RETURN_TYPE = YES_ERROR;
				GCC_WARN_UNDECLARED_SELECTOR = YES;
				GCC_WARN_UNINITIALIZED_AUTOS = YES_AGGRESSIVE;
				GCC_WARN_UNUSED_FUNCTION = YES;
				GCC_WARN_UNUSED_VARIABLE = YES;
				MACOSX_DEPLOYMENT_TARGET = 10.15;
				MTL_ENABLE_DEBUG_INFO = NO;
				SDKROOT = macosx;
			};
			name = Release;
		};
		8E329C50234224F3007066C3 /* Debug */ = {
			isa = XCBuildConfiguration;
			buildSettings = {
				CODE_SIGN_STYLE = Automatic;
				DEVELOPMENT_TEAM = CDS6RVS6JM;
				GCC_OPTIMIZATION_LEVEL = s;
				HEADER_SEARCH_PATHS = (
					/Users/arthur/work/code/NE/NE,
					/usr/local/include,
				);
				LIBRARY_SEARCH_PATHS = (
					"$(inherited)",
					/usr/local/Cellar/glfw/3.3/lib,
					/usr/local/Cellar/glew/2.1.0/lib,
				);
				PRODUCT_NAME = "$(TARGET_NAME)";
			};
			name = Debug;
		};
		8E329C51234224F3007066C3 /* Release */ = {
			isa = XCBuildConfiguration;
			buildSettings = {
				CODE_SIGN_STYLE = Automatic;
				DEVELOPMENT_TEAM = CDS6RVS6JM;
				GCC_OPTIMIZATION_LEVEL = s;
				HEADER_SEARCH_PATHS = (
					/Users/arthur/work/code/NE/NE,
					/usr/local/include,
				);
				LIBRARY_SEARCH_PATHS = (
					"$(inherited)",
					/usr/local/Cellar/glfw/3.3/lib,
					/usr/local/Cellar/glew/2.1.0/lib,
				);
				PRODUCT_NAME = "$(TARGET_NAME)";
			};
			name = Release;
		};
/* End XCBuildConfiguration section */

/* Begin XCConfigurationList section */
		8E329C43234224F3007066C3 /* Build configuration list for PBXProject "Society" */ = {
			isa = XCConfigurationList;
			buildConfigurations = (
				8E329C4D234224F3007066C3 /* Debug */,
				8E329C4E234224F3007066C3 /* Release */,
			);
			defaultConfigurationIsVisible = 0;
			defaultConfigurationName = Release;
		};
		8E329C4F234224F3007066C3 /* Build configuration list for PBXNativeTarget "Society" */ = {
			isa = XCConfigurationList;
			buildConfigurations = (
				8E329C50234224F3007066C3 /* Debug */,
				8E329C51234224F3007066C3 /* Release */,
			);
			defaultConfigurationIsVisible = 0;
			defaultConfigurationName = Release;
		};
/* End XCConfigurationList section */
	};
	rootObject = 8E329C40234224F3007066C3 /* Project object */;
}
